
Microsoft Visual Studio Solution File, Format Version 12.00
# Visual Studio Version 16
VisualStudioVersion = 16.0.29519.87
MinimumVisualStudioVersion = 10.0.40219.1
Project("{FAE04EC0-301F-11D3-BF4B-00C04F79EFBC}") = "ListasMatrices", "ListasMatrices\ListasMatrices.csproj", "{0BF936E1-B52F-4E87-80E1-38B7B47A2094}"
EndProject
Global
	GlobalSection(SolutionConfigurationPlatforms) = preSolution
		Debug|Any CPU = Debug|Any CPU
		Release|Any CPU = Release|Any CPU
	EndGlobalSection
	GlobalSection(ProjectConfigurationPlatforms) = postSolution
		{0BF936E1-B52F-4E87-80E1-38B7B47A2094}.Debug|Any CPU.ActiveCfg = Debug|Any CPU
		{0BF936E1-B52F-4E87-80E1-38B7B47A2094}.Debug|Any CPU.Build.0 = Debug|Any CPU
		{0BF936E1-B52F-4E87-80E1-38B7B47A2094}.Release|Any CPU.ActiveCfg = Release|Any CPU
		{0BF936E1-B52F-4E87-80E1-38B7B47A2094}.Release|Any CPU.Build.0 = Release|Any CPU
	EndGlobalSection
	GlobalSection(SolutionProperties) = preSolution
		HideSolutionNode = FALSE
	EndGlobalSection
	GlobalSection(ExtensibilityGlobals) = postSolution
		SolutionGuid = {B8247123-324E-42D3-AA92-DC78F3BE3015}
	EndGlobalSection
EndGlobal
